// !$*UTF8*$!
{
	archiveVersion = 1;
	classes = {
	};
	objectVersion = 50;
	objects = {

/* Begin PBXBuildFile section */
		3F03AFA722F8266600C194CF /* AppDelegate.swift in Sources */ = {isa = PBXBuildFile; fileRef = 3F03AFA622F8266600C194CF /* AppDelegate.swift */; };
		3F03AFA922F8266600C194CF /* ViewController.swift in Sources */ = {isa = PBXBuildFile; fileRef = 3F03AFA822F8266600C194CF /* ViewController.swift */; };
		3F03AFAC22F8266600C194CF /* Main.storyboard in Resources */ = {isa = PBXBuildFile; fileRef = 3F03AFAA22F8266600C194CF /* Main.storyboard */; };
		3F03AFAF22F8266600C194CF /* MyReminder.xcdatamodeld in Sources */ = {isa = PBXBuildFile; fileRef = 3F03AFAD22F8266600C194CF /* MyReminder.xcdatamodeld */; };
		3F03AFB122F8266700C194CF /* Assets.xcassets in Resources */ = {isa = PBXBuildFile; fileRef = 3F03AFB022F8266700C194CF /* Assets.xcassets */; };
		3F03AFB422F8266700C194CF /* LaunchScreen.storyboard in Resources */ = {isa = PBXBuildFile; fileRef = 3F03AFB222F8266700C194CF /* LaunchScreen.storyboard */; };
/* End PBXBuildFile section */

/* Begin PBXFileReference section */
		3F03AFA322F8266600C194CF /* MyReminder.app */ = {isa = PBXFileReference; explicitFileType = wrapper.application; includeInIndex = 0; path = MyReminder.app; sourceTree = BUILT_PRODUCTS_DIR; };
		3F03AFA622F8266600C194CF /* AppDelegate.swift */ = {isa = PBXFileReference; lastKnownFileType = sourcecode.swift; path = AppDelegate.swift; sourceTree = "<group>"; };
		3F03AFA822F8266600C194CF /* ViewController.swift */ = {isa = PBXFileReference; lastKnownFileType = sourcecode.swift; path = ViewController.swift; sourceTree = "<group>"; };
		3F03AFAB22F8266600C194CF /* Base */ = {isa = PBXFileReference; lastKnownFileType = file.storyboard; name = Base; path = Base.lproj/Main.storyboard; sourceTree = "<group>"; };
		3F03AFAE22F8266600C194CF /* MyReminder.xcdatamodel */ = {isa = PBXFileReference; lastKnownFileType = wrapper.xcdatamodel; path = MyReminder.xcdatamodel; sourceTree = "<group>"; };
		3F03AFB022F8266700C194CF /* Assets.xcassets */ = {isa = PBXFileReference; lastKnownFileType = folder.assetcatalog; path = Assets.xcassets; sourceTree = "<group>"; };
		3F03AFB322F8266700C194CF /* Base */ = {isa = PBXFileReference; lastKnownFileType = file.storyboard; name = Base; path = Base.lproj/LaunchScreen.storyboard; sourceTree = "<group>"; };
		3F03AFB522F8266700C194CF /* Info.plist */ = {isa = PBXFileReference; lastKnownFileType = text.plist.xml; path = Info.plist; sourceTree = "<group>"; };
/* End PBXFileReference section */

/* Begin PBXFrameworksBuildPhase section */
		3F03AFA022F8266600C194CF /* Frameworks */ = {
			isa = PBXFrameworksBuildPhase;
			buildActionMask = 2147483647;
			files = (
			);
			runOnlyForDeploymentPostprocessing = 0;
		};
/* End PBXFrameworksBuildPhase section */

/* Begin PBXGroup section */
		3F03AF9A22F8266600C194CF = {
			isa = PBXGroup;
			children = (
				3F03AFA522F8266600C194CF /* MyReminder */,
				3F03AFA422F8266600C194CF /* Products */,
			);
			sourceTree = "<group>";
		};
		3F03AFA422F8266600C194CF /* Products */ = {
			isa = PBXGroup;
			children = (
				3F03AFA322F8266600C194CF /* MyReminder.app */,
			);
			name = Products;
			sourceTree = "<group>";
		};
		3F03AFA522F8266600C194CF /* MyReminder */ = {
			isa = PBXGroup;
			children = (
				3F03AFA622F8266600C194CF /* AppDelegate.swift */,
				3F03AFA822F8266600C194CF /* ViewController.swift */,
				3F03AFAA22F8266600C194CF /* Main.storyboard */,
				3F03AFB022F8266700C194CF /* Assets.xcassets */,
				3F03AFB222F8266700C194CF /* LaunchScreen.storyboard */,
				3F03AFB522F8266700C194CF /* Info.plist */,
				3F03AFAD22F8266600C194CF /* MyReminder.xcdatamodeld */,
			);
			path = MyReminder;
			sourceTree = "<group>";
		};
/* End PBXGroup section */

/* Begin PBXNativeTarget section */
		3F03AFA222F8266600C194CF /* MyReminder */ = {
			isa = PBXNativeTarget;
			buildConfigurationList = 3F03AFB822F8266700C194CF /* Build configuration list for PBXNativeTarget "MyReminder" */;
			buildPhases = (
				3F03AF9F22F8266600C194CF /* Sources */,
				3F03AFA022F8266600C194CF /* Frameworks */,
				3F03AFA122F8266600C194CF /* Resources */,
			);
			buildRules = (
			);
			dependencies = (
			);
			name = MyReminder;
			productName = MyReminder;
			productReference = 3F03AFA322F8266600C194CF /* MyReminder.app */;
			productType = "com.apple.product-type.application";
		};
/* End PBXNativeTarget section */

/* Begin PBXProject section */
		3F03AF9B22F8266600C194CF /* Project object */ = {
			isa = PBXProject;
			attributes = {
				LastSwiftUpdateCheck = 1020;
				LastUpgradeCheck = 1020;
				ORGANIZATIONNAME = alekseykolesnik;
				TargetAttributes = {
					3F03AFA222F8266600C194CF = {
						CreatedOnToolsVersion = 10.2.1;
					};
				};
			};
			buildConfigurationList = 3F03AF9E22F8266600C194CF /* Build configuration list for PBXProject "MyReminder" */;
			compatibilityVersion = "Xcode 9.3";
			developmentRegion = en;
			hasScannedForEncodings = 0;
			knownRegions = (
				en,
				Base,
			);
			mainGroup = 3F03AF9A22F8266600C194CF;
			productRefGroup = 3F03AFA422F8266600C194CF /* Products */;
			projectDirPath = "";
			projectRoot = "";
			targets = (
				3F03AFA222F8266600C194CF /* MyReminder */,
			);
		};
/* End PBXProject section */

/* Begin PBXResourcesBuildPhase section */
		3F03AFA122F8266600C194CF /* Resources */ = {
			isa = PBXResourcesBuildPhase;
			buildActionMask = 2147483647;
			files = (
				3F03AFB422F8266700C194CF /* LaunchScreen.storyboard in Resources */,
				3F03AFB122F8266700C194CF /* Assets.xcassets in Resources */,
				3F03AFAC22F8266600C194CF /* Main.storyboard in Resources */,
			);
			runOnlyForDeploymentPostprocessing = 0;
		};
/* End PBXResourcesBuildPhase section */

/* Begin PBXSourcesBuildPhase section */
		3F03AF9F22F8266600C194CF /* Sources */ = {
			isa = PBXSourcesBuildPhase;
			buildActionMask = 2147483647;
			files = (
				3F03AFA922F8266600C194CF /* ViewController.swift in Sources */,
				3F03AFAF22F8266600C194CF /* MyReminder.xcdatamodeld in Sources */,
				3F03AFA722F8266600C194CF /* AppDelegate.swift in Sources */,
			);
			runOnlyForDeploymentPostprocessing = 0;
		};
/* End PBXSourcesBuildPhase section */

/* Begin PBXVariantGroup section */
		3F03AFAA22F8266600C194CF /* Main.storyboard */ = {
			isa = PBXVariantGroup;
			children = (
				3F03AFAB22F8266600C194CF /* Base */,
			);
			name = Main.storyboard;
			sourceTree = "<group>";
		};
		3F03AFB222F8266700C194CF /* LaunchScreen.storyboard */ = {
			isa = PBXVariantGroup;
			children = (
				3F03AFB322F8266700C194CF /* Base */,
			);
			name = LaunchScreen.storyboard;
			sourceTree = "<group>";
		};
/* End PBXVariantGroup section */

/* Begin XCBuildConfiguration section */
		3F03AFB622F8266700C194CF /* Debug */ = {
			isa = XCBuildConfiguration;
			buildSettings = {
				ALWAYS_SEARCH_USER_PATHS = NO;
				CLANG_ANALYZER_NONNULL = YES;
				CLANG_ANALYZER_NUMBER_OBJECT_CONVERSION = YES_AGGRESSIVE;
				CLANG_CXX_LANGUAGE_STANDARD = "gnu++14";
				CLANG_CXX_LIBRARY = "libc++";
				CLANG_ENABLE_MODULES = YES;
				CLANG_ENABLE_OBJC_ARC = YES;
				CLANG_ENABLE_OBJC_WEAK = YES;
				CLANG_WARN_BLOCK_CAPTURE_AUTORELEASING = YES;
				CLANG_WARN_BOOL_CONVERSION = YES;
				CLANG_WARN_COMMA = YES;
				CLANG_WARN_CONSTANT_CONVERSION = YES;
				CLANG_WARN_DEPRECATED_OBJC_IMPLEMENTATIONS = YES;
				CLANG_WARN_DIRECT_OBJC_ISA_USAGE = YES_ERROR;
				CLANG_WARN_DOCUMENTATION_COMMENTS = YES;
				CLANG_WARN_EMPTY_BODY = YES;
				CLANG_WARN_ENUM_CONVERSION = YES;
				CLANG_WARN_INFINITE_RECURSION = YES;
				CLANG_WARN_INT_CONVERSION = YES;
				CLANG_WARN_NON_LITERAL_NULL_CONVERSION = YES;
				CLANG_WARN_OBJC_IMPLICIT_RETAIN_SELF = YES;
				CLANG_WARN_OBJC_LITERAL_CONVERSION = YES;
				CLANG_WARN_OBJC_ROOT_CLASS = YES_ERROR;
				CLANG_WARN_RANGE_LOOP_ANALYSIS = YES;
				CLANG_WARN_STRICT_PROTOTYPES = YES;
				CLANG_WARN_SUSPICIOUS_MOVE = YES;
				CLANG_WARN_UNGUARDED_AVAILABILITY = YES_AGGRESSIVE;
				CLANG_WARN_UNREACHABLE_CODE = YES;
				CLANG_WARN__DUPLICATE_METHOD_MATCH = YES;
				CODE_SIGN_IDENTITY = "iPhone Developer";
				COPY_PHASE_STRIP = NO;
				DEBUG_INFORMATION_FORMAT = dwarf;
				ENABLE_STRICT_OBJC_MSGSEND = YES;
				ENABLE_TESTABILITY = YES;
				GCC_C_LANGUAGE_STANDARD = gnu11;
				GCC_DYNAMIC_NO_PIC = NO;
				GCC_NO_COMMON_BLOCKS = YES;
				GCC_OPTIMIZATION_LEVEL = 0;
				GCC_PREPROCESSOR_DEFINITIONS = (
					"DEBUG=1",
					"$(inherited)",
				);
				GCC_WARN_64_TO_32_BIT_CONVERSION = YES;
				GCC_WARN_ABOUT_RETURN_TYPE = YES_ERROR;
				GCC_WARN_UNDECLARED_SELECTOR = YES;
				GCC_WARN_UNINITIALIZED_AUTOS = YES_AGGRESSIVE;
				GCC_WARN_UNUSED_FUNCTION = YES;
				GCC_WARN_UNUSED_VARIABLE = YES;
				IPHONEOS_DEPLOYMENT_TARGET = 12.2;
				MTL_ENABLE_DEBUG_INFO = INCLUDE_SOURCE;
				MTL_FAST_MATH = YES;
				ONLY_ACTIVE_ARCH = YES;
				SDKROOT = iphoneos;
				SWIFT_ACTIVE_COMPILATION_CONDITIONS = DEBUG;
				SWIFT_OPTIMIZATION_LEVEL = "-Onone";
			};
			name = Debug;
		};
		3F03AFB722F8266700C194CF /* Release */ = {
			isa = XCBuildConfiguration;
			buildSettings = {
				ALWAYS_SEARCH_USER_PATHS = NO;
				CLANG_ANALYZER_NONNULL = YES;
				CLANG_ANALYZER_NUMBER_OBJECT_CONVERSION = YES_AGGRESSIVE;
				CLANG_CXX_LANGUAGE_STANDARD = "gnu++14";
				CLANG_CXX_LIBRARY = "libc++";
				CLANG_ENABLE_MODULES = YES;
				CLANG_ENABLE_OBJC_ARC = YES;
				CLANG_ENABLE_OBJC_WEAK = YES;
				CLANG_WARN_BLOCK_CAPTURE_AUTORELEASING = YES;
				CLANG_WARN_BOOL_CONVERSION = YES;
				CLANG_WARN_COMMA = YES;
				CLANG_WARN_CONSTANT_CONVERSION = YES;
				CLANG_WARN_DEPRECATED_OBJC_IMPLEMENTATIONS = YES;
				CLANG_WARN_DIRECT_OBJC_ISA_USAGE = YES_ERROR;
				CLANG_WARN_DOCUMENTATION_COMMENTS = YES;
				CLANG_WARN_EMPTY_BODY = YES;
				CLANG_WARN_ENUM_CONVERSION = YES;
				CLANG_WARN_INFINITE_RECURSION = YES;
				CLANG_WARN_INT_CONVERSION = YES;
				CLANG_WARN_NON_LITERAL_NULL_CONVERSION = YES;
				CLANG_WARN_OBJC_IMPLICIT_RETAIN_SELF = YES;
				CLANG_WARN_OBJC_LITERAL_CONVERSION = YES;
				CLANG_WARN_OBJC_ROOT_CLASS = YES_ERROR;
				CLANG_WARN_RANGE_LOOP_ANALYSIS = YES;
				CLANG_WARN_STRICT_PROTOTYPES = YES;
				CLANG_WARN_SUSPICIOUS_MOVE = YES;
				CLANG_WARN_UNGUARDED_AVAILABILITY = YES_AGGRESSIVE;
				CLANG_WARN_UNREACHABLE_CODE = YES;
				CLANG_WARN__DUPLICATE_METHOD_MATCH = YES;
				CODE_SIGN_IDENTITY = "iPhone Developer";
				COPY_PHASE_STRIP = NO;
				DEBUG_INFORMATION_FORMAT = "dwarf-with-dsym";
				ENABLE_NS_ASSERTIONS = NO;
				ENABLE_STRICT_OBJC_MSGSEND = YES;
				GCC_C_LANGUAGE_STANDARD = gnu11;
				GCC_NO_COMMON_BLOCKS = YES;
				GCC_WARN_64_TO_32_BIT_CONVERSION = YES;
				GCC_WARN_ABOUT_RETURN_TYPE = YES_ERROR;
				GCC_WARN_UNDECLARED_SELECTOR = YES;
				GCC_WARN_UNINITIALIZED_AUTOS = YES_AGGRESSIVE;
				GCC_WARN_UNUSED_FUNCTION = YES;
				GCC_WARN_UNUSED_VARIABLE = YES;
				IPHONEOS_DEPLOYMENT_TARGET = 12.2;
				MTL_ENABLE_DEBUG_INFO = NO;
				MTL_FAST_MATH = YES;
				SDKROOT = iphoneos;
				SWIFT_COMPILATION_MODE = wholemodule;
				SWIFT_OPTIMIZATION_LEVEL = "-O";
				VALIDATE_PRODUCT = YES;
			};
			name = Release;
		};
		3F03AFB922F8266700C194CF /* Debug */ = {
			isa = XCBuildConfiguration;
			buildSettings = {
				ASSETCATALOG_COMPILER_APPICON_NAME = AppIcon;
				CODE_SIGN_STYLE = Automatic;
				DEVELOPMENT_TEAM = QC74ABCY9P;
				INFOPLIST_FILE = MyReminder/Info.plist;
				LD_RUNPATH_SEARCH_PATHS = (
					"$(inherited)",
					"@executable_path/Frameworks",
				);
				PRODUCT_BUNDLE_IDENTIFIER = BonzTeam.MyReminder;
				PRODUCT_NAME = "$(TARGET_NAME)";
				SWIFT_VERSION = 5.0;
				TARGETED_DEVICE_FAMILY = "1,2";
			};
			name = Debug;
		};
		3F03AFBA22F8266700C194CF /* Release */ = {
			isa = XCBuildConfiguration;
			buildSettings = {
				ASSETCATALOG_COMPILER_APPICON_NAME = AppIcon;
				CODE_SIGN_STYLE = Automatic;
				DEVELOPMENT_TEAM = QC74ABCY9P;
				INFOPLIST_FILE = MyReminder/Info.plist;
				LD_RUNPATH_SEARCH_PATHS = (
					"$(inherited)",
					"@executable_path/Frameworks",
				);
				PRODUCT_BUNDLE_IDENTIFIER = BonzTeam.MyReminder;
				PRODUCT_NAME = "$(TARGET_NAME)";
				SWIFT_VERSION = 5.0;
				TARGETED_DEVICE_FAMILY = "1,2";
			};
			name = Release;
		};
/* End XCBuildConfiguration section */

/* Begin XCConfigurationList section */
		3F03AF9E22F8266600C194CF /* Build configuration list for PBXProject "MyReminder" */ = {
			isa = XCConfigurationList;
			buildConfigurations = (
				3F03AFB622F8266700C194CF /* Debug */,
				3F03AFB722F8266700C194CF /* Release */,
			);
			defaultConfigurationIsVisible = 0;
			defaultConfigurationName = Release;
		};
		3F03AFB822F8266700C194CF /* Build configuration list for PBXNativeTarget "MyReminder" */ = {
			isa = XCConfigurationList;
			buildConfigurations = (
				3F03AFB922F8266700C194CF /* Debug */,
				3F03AFBA22F8266700C194CF /* Release */,
			);
			defaultConfigurationIsVisible = 0;
			defaultConfigurationName = Release;
		};
/* End XCConfigurationList section */

/* Begin XCVersionGroup section */
		3F03AFAD22F8266600C194CF /* MyReminder.xcdatamodeld */ = {
			isa = XCVersionGroup;
			children = (
				3F03AFAE22F8266600C194CF /* MyReminder.xcdatamodel */,
			);
			currentVersion = 3F03AFAE22F8266600C194CF /* MyReminder.xcdatamodel */;
			path = MyReminder.xcdatamodeld;
			sourceTree = "<group>";
			versionGroupType = wrapper.xcdatamodel;
		};
/* End XCVersionGroup section */
	};
	rootObject = 3F03AF9B22F8266600C194CF /* Project object */;
}
